
Microsoft Visual Studio Solution File, Format Version 12.00
# Visual Studio Version 17
VisualStudioVersion = 17.11.35222.181
MinimumVisualStudioVersion = 10.0.40219.1
Project("{FAE04EC0-301F-11D3-BF4B-00C04F79EFBC}") = "CarDealerApi", "CarDealerApi.csproj", "{5FA3773E-2119-4687-85DE-A68FCD31B0DF}"
EndProject
Global
	GlobalSection(SolutionConfigurationPlatforms) = preSolution
		Debug|Any CPU = Debug|Any CPU
		Release|Any CPU = Release|Any CPU
	EndGlobalSection
	GlobalSection(ProjectConfigurationPlatforms) = postSolution
		{5FA3773E-2119-4687-85DE-A68FCD31B0DF}.Debug|Any CPU.ActiveCfg = Debug|Any CPU
		{5FA3773E-2119-4687-85DE-A68FCD31B0DF}.Debug|Any CPU.Build.0 = Debug|Any CPU
		{5FA3773E-2119-4687-85DE-A68FCD31B0DF}.Release|Any CPU.ActiveCfg = Release|Any CPU
		{5FA3773E-2119-4687-85DE-A68FCD31B0DF}.Release|Any CPU.Build.0 = Release|Any CPU
	EndGlobalSection
	GlobalSection(SolutionProperties) = preSolution
		HideSolutionNode = FALSE
	EndGlobalSection
	GlobalSection(ExtensibilityGlobals) = postSolution
		SolutionGuid = {F29BCC5F-E472-48A9-B456-E58BC86B9CAB}
	EndGlobalSection
EndGlobal
